
Microsoft Visual Studio Solution File, Format Version 12.00
# Visual Studio Version 17
VisualStudioVersion = 17.3.32922.545
MinimumVisualStudioVersion = 10.0.40219.1
Project("{FAE04EC0-301F-11D3-BF4B-00C04F79EFBC}") = "survey-software-api", "WebApplication1\survey-software-api.csproj", "{3D3B2F0A-B522-42D4-A2E1-BD169C34DBD9}"
EndProject
Global
	GlobalSection(SolutionConfigurationPlatforms) = preSolution
		Debug|Any CPU = Debug|Any CPU
		Release|Any CPU = Release|Any CPU
	EndGlobalSection
	GlobalSection(ProjectConfigurationPlatforms) = postSolution
		{3D3B2F0A-B522-42D4-A2E1-BD169C34DBD9}.Debug|Any CPU.ActiveCfg = Debug|Any CPU
		{3D3B2F0A-B522-42D4-A2E1-BD169C34DBD9}.Debug|Any CPU.Build.0 = Debug|Any CPU
		{3D3B2F0A-B522-42D4-A2E1-BD169C34DBD9}.Release|Any CPU.ActiveCfg = Release|Any CPU
		{3D3B2F0A-B522-42D4-A2E1-BD169C34DBD9}.Release|Any CPU.Build.0 = Release|Any CPU
	EndGlobalSection
	GlobalSection(SolutionProperties) = preSolution
		HideSolutionNode = FALSE
	EndGlobalSection
	GlobalSection(ExtensibilityGlobals) = postSolution
		SolutionGuid = {46BB43BA-9593-4BF4-93D3-B186757C2079}
	EndGlobalSection
EndGlobal
